
Microsoft Visual Studio Solution File, Format Version 12.00
# Visual Studio Version 17
VisualStudioVersion = 17.11.35303.130
MinimumVisualStudioVersion = 10.0.40219.1
Project("{FAE04EC0-301F-11D3-BF4B-00C04F79EFBC}") = "WindowsFormsApp1", "WindowsFormsApp1.csproj", "{689829B0-8306-45EF-8723-BC15751F45BD}"
EndProject
Global
	GlobalSection(SolutionConfigurationPlatforms) = preSolution
		Debug|Any CPU = Debug|Any CPU
		Release|Any CPU = Release|Any CPU
	EndGlobalSection
	GlobalSection(ProjectConfigurationPlatforms) = postSolution
		{689829B0-8306-45EF-8723-BC15751F45BD}.Debug|Any CPU.ActiveCfg = Debug|Any CPU
		{689829B0-8306-45EF-8723-BC15751F45BD}.Debug|Any CPU.Build.0 = Debug|Any CPU
		{689829B0-8306-45EF-8723-BC15751F45BD}.Release|Any CPU.ActiveCfg = Release|Any CPU
		{689829B0-8306-45EF-8723-BC15751F45BD}.Release|Any CPU.Build.0 = Release|Any CPU
	EndGlobalSection
	GlobalSection(SolutionProperties) = preSolution
		HideSolutionNode = FALSE
	EndGlobalSection
	GlobalSection(ExtensibilityGlobals) = postSolution
		SolutionGuid = {36FFC49B-4BDC-4DCC-BFF5-414837E99B73}
	EndGlobalSection
EndGlobal
